
Microsoft Visual Studio Solution File, Format Version 12.00
# Visual Studio Version 17
VisualStudioVersion = 17.13.35818.85
MinimumVisualStudioVersion = 10.0.40219.1
Project("{FAE04EC0-301F-11D3-BF4B-00C04F79EFBC}") = "Application", "Application.csproj", "{D2CA1497-AEFB-4F87-B907-8AB4503CFE69}"
EndProject
Project("{FAE04EC0-301F-11D3-BF4B-00C04F79EFBC}") = "DataAccessLayer", "..\DAL\DataAccessLayer.csproj", "{02CCA080-A0B6-44E6-BB37-6381148C4203}"
EndProject
Project("{FAE04EC0-301F-11D3-BF4B-00C04F79EFBC}") = "BusinessAccessLayer", "..\BusinessAccessLayer\BusinessAccessLayer.csproj", "{B811999F-F9D2-4CAF-AC18-E3DBA1459E67}"
EndProject
Global
	GlobalSection(SolutionConfigurationPlatforms) = preSolution
		Debug|Any CPU = Debug|Any CPU
		Release|Any CPU = Release|Any CPU
	EndGlobalSection
	GlobalSection(ProjectConfigurationPlatforms) = postSolution
		{D2CA1497-AEFB-4F87-B907-8AB4503CFE69}.Debug|Any CPU.ActiveCfg = Debug|Any CPU
		{D2CA1497-AEFB-4F87-B907-8AB4503CFE69}.Debug|Any CPU.Build.0 = Debug|Any CPU
		{D2CA1497-AEFB-4F87-B907-8AB4503CFE69}.Release|Any CPU.ActiveCfg = Release|Any CPU
		{D2CA1497-AEFB-4F87-B907-8AB4503CFE69}.Release|Any CPU.Build.0 = Release|Any CPU
		{02CCA080-A0B6-44E6-BB37-6381148C4203}.Debug|Any CPU.ActiveCfg = Debug|Any CPU
		{02CCA080-A0B6-44E6-BB37-6381148C4203}.Debug|Any CPU.Build.0 = Debug|Any CPU
		{02CCA080-A0B6-44E6-BB37-6381148C4203}.Release|Any CPU.ActiveCfg = Release|Any CPU
		{02CCA080-A0B6-44E6-BB37-6381148C4203}.Release|Any CPU.Build.0 = Release|Any CPU
		{B811999F-F9D2-4CAF-AC18-E3DBA1459E67}.Debug|Any CPU.ActiveCfg = Debug|Any CPU
		{B811999F-F9D2-4CAF-AC18-E3DBA1459E67}.Debug|Any CPU.Build.0 = Debug|Any CPU
		{B811999F-F9D2-4CAF-AC18-E3DBA1459E67}.Release|Any CPU.ActiveCfg = Release|Any CPU
		{B811999F-F9D2-4CAF-AC18-E3DBA1459E67}.Release|Any CPU.Build.0 = Release|Any CPU
	EndGlobalSection
	GlobalSection(SolutionProperties) = preSolution
		HideSolutionNode = FALSE
	EndGlobalSection
	GlobalSection(ExtensibilityGlobals) = postSolution
		SolutionGuid = {F3295E5A-AE83-47F3-8869-16DE0DF85F79}
	EndGlobalSection
EndGlobal
